Microsoft Visual Studio Solution File, Format Version 8.00
Project("{8BC9CEB8-8B4A-11D0-8D11-00A0C91BC942}") = "common", "common\common.vcproj", "{609891D5-B1A9-43E3-9B61-AD53D6008158}"
	ProjectSection(ProjectDependencies) = postProject
	EndProjectSection
EndProject
Project("{8BC9CEB8-8B4A-11D0-8D11-00A0C91BC942}") = "vigra", "foreign\vigra\vigra.vcproj", "{609891D5-B1A9-43E3-9B62-AD53D6008158}"
	ProjectSection(ProjectDependencies) = postProject
	EndProjectSection
EndProject
Project("{8BC9CEB8-8B4A-11D0-8D11-00A0C91BC942}") = "vigra_impex", "foreign\vigra_impex\vigra_impex.vcproj", "{609891D5-B1A9-43E3-9B63-AD53D6008158}"
	ProjectSection(ProjectDependencies) = postProject
	EndProjectSection
EndProject
Project("{8BC9CEB8-8B4A-11D0-8D11-00A0C91BC942}") = "vigra_ext", "vigra_ext\vigra_ext.vcproj", "{609891D5-B1A9-43E3-9B67-AD53D6008158}"
	ProjectSection(ProjectDependencies) = postProject
	EndProjectSection
EndProject
Project("{8BC9CEB8-8B4A-11D0-8D11-00A0C91BC942}") = "Panorama", "Panorama\Panorama.vcproj", "{609891D5-B1A9-43E3-9B66-AD53D6008158}"
	ProjectSection(ProjectDependencies) = postProject
	EndProjectSection
EndProject
Project("{8BC9CEB8-8B4A-11D0-8D11-00A0C91BC942}") = "hugin", "hugin\hugin.vcproj", "{609891D5-B1A9-43E3-9B64-AD53D6008158}"
	ProjectSection(ProjectDependencies) = postProject
		{E974EF12-9647-400A-AF30-1D0E70D1C32C} = {E974EF12-9647-400A-AF30-1D0E70D1C32C}
		{609891D5-B1A9-43E3-9B61-AD53D6008158} = {609891D5-B1A9-43E3-9B61-AD53D6008158}
		{609891D5-B1A9-43E3-9B63-AD53D6008158} = {609891D5-B1A9-43E3-9B63-AD53D6008158}
		{609891D5-B1A9-43E3-9B66-AD53D6008158} = {609891D5-B1A9-43E3-9B66-AD53D6008158}
		{609891D5-B1A9-43E3-9B67-AD53D6008158} = {609891D5-B1A9-43E3-9B67-AD53D6008158}
	EndProjectSection
EndProject
Project("{8BC9CEB8-8B4A-11D0-8D11-00A0C91BC942}") = "jhead", "jhead\jhead.vcproj", "{E974EF12-9647-400A-AF30-1D0E70D1C32C}"
	ProjectSection(ProjectDependencies) = postProject
	EndProjectSection
EndProject
Project("{8BC9CEB8-8B4A-11D0-8D11-00A0C91BC942}") = "Panotools", "..\..\libs\libpano\pano12\libpano.vcproj", "{9B19A5C0-8DB0-448B-BF99-DC6374E9751B}"
	ProjectSection(ProjectDependencies) = postProject
	EndProjectSection
EndProject
Project("{8BC9CEB8-8B4A-11D0-8D11-00A0C91BC942}") = "nona_gui", "nona_gui\nona_gui.vcproj", "{4FB29EEF-EE8C-4204-B272-FD88FBB4326D}"
	ProjectSection(ProjectDependencies) = postProject
	EndProjectSection
	ProjectSection(ProjectDependencies) = postProject
		{E974EF12-9647-400A-AF30-1D0E70D1C32C} = {E974EF12-9647-400A-AF30-1D0E70D1C32C}
		{621C0B14-F003-4961-8D14-7A1679087977} = {621C0B14-F003-4961-8D14-7A1679087977}
		{609891D5-B1A9-43E3-9B61-AD53D6008158} = {609891D5-B1A9-43E3-9B61-AD53D6008158}
		{609891D5-B1A9-43E3-9B63-AD53D6008158} = {609891D5-B1A9-43E3-9B63-AD53D6008158}
		{609891D5-B1A9-43E3-9B66-AD53D6008158} = {609891D5-B1A9-43E3-9B66-AD53D6008158}
		{609891D5-B1A9-43E3-9B67-AD53D6008158} = {609891D5-B1A9-43E3-9B67-AD53D6008158}
	EndProjectSection
EndProject
Project("{8BC9CEB8-8B4A-11D0-8D11-00A0C91BC942}") = "getopt", "..\..\libs\getopt\src\msvs\getopt.vcproj", "{621C0B14-F003-4961-8D14-7A1679087977}"
	ProjectSection(ProjectDependencies) = postProject
	EndProjectSection
EndProject
Global
	GlobalSection(SolutionConfiguration) = preSolution
		Debug = Debug
		Debug DLL = Debug DLL
		Debug Static = Debug Static
		Debug Unicode = Debug Unicode
		Release = Release
		Release DLL = Release DLL
		Release MSVS = Release MSVS
		Release Static = Release Static
		Release Unicode = Release Unicode
	EndGlobalSection
	GlobalSection(ProjectConfiguration) = postSolution
		{609891D5-B1A9-43E3-9B61-AD53D6008158}.Debug.ActiveCfg = Debug|Win32
		{609891D5-B1A9-43E3-9B61-AD53D6008158}.Debug.Build.0 = Debug|Win32
		{609891D5-B1A9-43E3-9B61-AD53D6008158}.Debug DLL.ActiveCfg = Debug|Win32
		{609891D5-B1A9-43E3-9B61-AD53D6008158}.Debug DLL.Build.0 = Debug|Win32
		{609891D5-B1A9-43E3-9B61-AD53D6008158}.Debug Static.ActiveCfg = Debug|Win32
		{609891D5-B1A9-43E3-9B61-AD53D6008158}.Debug Static.Build.0 = Debug|Win32
		{609891D5-B1A9-43E3-9B61-AD53D6008158}.Debug Unicode.ActiveCfg = Debug|Win32
		{609891D5-B1A9-43E3-9B61-AD53D6008158}.Debug Unicode.Build.0 = Debug|Win32
		{609891D5-B1A9-43E3-9B61-AD53D6008158}.Release.ActiveCfg = Release|Win32
		{609891D5-B1A9-43E3-9B61-AD53D6008158}.Release.Build.0 = Release|Win32
		{609891D5-B1A9-43E3-9B61-AD53D6008158}.Release DLL.ActiveCfg = Release|Win32
		{609891D5-B1A9-43E3-9B61-AD53D6008158}.Release DLL.Build.0 = Release|Win32
		{609891D5-B1A9-43E3-9B61-AD53D6008158}.Release MSVS.ActiveCfg = Release|Win32
		{609891D5-B1A9-43E3-9B61-AD53D6008158}.Release MSVS.Build.0 = Release|Win32
		{609891D5-B1A9-43E3-9B61-AD53D6008158}.Release Static.ActiveCfg = Release|Win32
		{609891D5-B1A9-43E3-9B61-AD53D6008158}.Release Static.Build.0 = Release|Win32
		{609891D5-B1A9-43E3-9B61-AD53D6008158}.Release Unicode.ActiveCfg = Release Unicode|Win32
		{609891D5-B1A9-43E3-9B61-AD53D6008158}.Release Unicode.Build.0 = Release Unicode|Win32
		{609891D5-B1A9-43E3-9B62-AD53D6008158}.Debug.ActiveCfg = Debug|Win32
		{609891D5-B1A9-43E3-9B62-AD53D6008158}.Debug.Build.0 = Debug|Win32
		{609891D5-B1A9-43E3-9B62-AD53D6008158}.Debug DLL.ActiveCfg = Debug|Win32
		{609891D5-B1A9-43E3-9B62-AD53D6008158}.Debug DLL.Build.0 = Debug|Win32
		{609891D5-B1A9-43E3-9B62-AD53D6008158}.Debug Static.ActiveCfg = Debug|Win32
		{609891D5-B1A9-43E3-9B62-AD53D6008158}.Debug Static.Build.0 = Debug|Win32
		{609891D5-B1A9-43E3-9B62-AD53D6008158}.Debug Unicode.ActiveCfg = Debug|Win32
		{609891D5-B1A9-43E3-9B62-AD53D6008158}.Debug Unicode.Build.0 = Debug|Win32
		{609891D5-B1A9-43E3-9B62-AD53D6008158}.Release.ActiveCfg = Release|Win32
		{609891D5-B1A9-43E3-9B62-AD53D6008158}.Release.Build.0 = Release|Win32
		{609891D5-B1A9-43E3-9B62-AD53D6008158}.Release DLL.ActiveCfg = Release|Win32
		{609891D5-B1A9-43E3-9B62-AD53D6008158}.Release DLL.Build.0 = Release|Win32
		{609891D5-B1A9-43E3-9B62-AD53D6008158}.Release MSVS.ActiveCfg = Release|Win32
		{609891D5-B1A9-43E3-9B62-AD53D6008158}.Release MSVS.Build.0 = Release|Win32
		{609891D5-B1A9-43E3-9B62-AD53D6008158}.Release Static.ActiveCfg = Release|Win32
		{609891D5-B1A9-43E3-9B62-AD53D6008158}.Release Static.Build.0 = Release|Win32
		{609891D5-B1A9-43E3-9B62-AD53D6008158}.Release Unicode.ActiveCfg = Release Unicode|Win32
		{609891D5-B1A9-43E3-9B62-AD53D6008158}.Release Unicode.Build.0 = Release Unicode|Win32
		{609891D5-B1A9-43E3-9B63-AD53D6008158}.Debug.ActiveCfg = Debug|Win32
		{609891D5-B1A9-43E3-9B63-AD53D6008158}.Debug.Build.0 = Debug|Win32
		{609891D5-B1A9-43E3-9B63-AD53D6008158}.Debug DLL.ActiveCfg = Debug|Win32
		{609891D5-B1A9-43E3-9B63-AD53D6008158}.Debug DLL.Build.0 = Debug|Win32
		{609891D5-B1A9-43E3-9B63-AD53D6008158}.Debug Static.ActiveCfg = Debug|Win32
		{609891D5-B1A9-43E3-9B63-AD53D6008158}.Debug Static.Build.0 = Debug|Win32
		{609891D5-B1A9-43E3-9B63-AD53D6008158}.Debug Unicode.ActiveCfg = Debug|Win32
		{609891D5-B1A9-43E3-9B63-AD53D6008158}.Debug Unicode.Build.0 = Debug|Win32
		{609891D5-B1A9-43E3-9B63-AD53D6008158}.Release.ActiveCfg = Release|Win32
		{609891D5-B1A9-43E3-9B63-AD53D6008158}.Release.Build.0 = Release|Win32
		{609891D5-B1A9-43E3-9B63-AD53D6008158}.Release DLL.ActiveCfg = Release|Win32
		{609891D5-B1A9-43E3-9B63-AD53D6008158}.Release DLL.Build.0 = Release|Win32
		{609891D5-B1A9-43E3-9B63-AD53D6008158}.Release MSVS.ActiveCfg = Release|Win32
		{609891D5-B1A9-43E3-9B63-AD53D6008158}.Release MSVS.Build.0 = Release|Win32
		{609891D5-B1A9-43E3-9B63-AD53D6008158}.Release Static.ActiveCfg = Release|Win32
		{609891D5-B1A9-43E3-9B63-AD53D6008158}.Release Static.Build.0 = Release|Win32
		{609891D5-B1A9-43E3-9B63-AD53D6008158}.Release Unicode.ActiveCfg = Release Unicode|Win32
		{609891D5-B1A9-43E3-9B63-AD53D6008158}.Release Unicode.Build.0 = Release Unicode|Win32
		{609891D5-B1A9-43E3-9B67-AD53D6008158}.Debug.ActiveCfg = Debug|Win32
		{609891D5-B1A9-43E3-9B67-AD53D6008158}.Debug.Build.0 = Debug|Win32
		{609891D5-B1A9-43E3-9B67-AD53D6008158}.Debug DLL.ActiveCfg = Debug|Win32
		{609891D5-B1A9-43E3-9B67-AD53D6008158}.Debug DLL.Build.0 = Debug|Win32
		{609891D5-B1A9-43E3-9B67-AD53D6008158}.Debug Static.ActiveCfg = Debug|Win32
		{609891D5-B1A9-43E3-9B67-AD53D6008158}.Debug Static.Build.0 = Debug|Win32
		{609891D5-B1A9-43E3-9B67-AD53D6008158}.Debug Unicode.ActiveCfg = Debug|Win32
		{609891D5-B1A9-43E3-9B67-AD53D6008158}.Debug Unicode.Build.0 = Debug|Win32
		{609891D5-B1A9-43E3-9B67-AD53D6008158}.Release.ActiveCfg = Release|Win32
		{609891D5-B1A9-43E3-9B67-AD53D6008158}.Release.Build.0 = Release|Win32
		{609891D5-B1A9-43E3-9B67-AD53D6008158}.Release DLL.ActiveCfg = Release|Win32
		{609891D5-B1A9-43E3-9B67-AD53D6008158}.Release DLL.Build.0 = Release|Win32
		{609891D5-B1A9-43E3-9B67-AD53D6008158}.Release MSVS.ActiveCfg = Release|Win32
		{609891D5-B1A9-43E3-9B67-AD53D6008158}.Release MSVS.Build.0 = Release|Win32
		{609891D5-B1A9-43E3-9B67-AD53D6008158}.Release Static.ActiveCfg = Release|Win32
		{609891D5-B1A9-43E3-9B67-AD53D6008158}.Release Static.Build.0 = Release|Win32
		{609891D5-B1A9-43E3-9B67-AD53D6008158}.Release Unicode.ActiveCfg = Release Unicode|Win32
		{609891D5-B1A9-43E3-9B67-AD53D6008158}.Release Unicode.Build.0 = Release Unicode|Win32
		{609891D5-B1A9-43E3-9B66-AD53D6008158}.Debug.ActiveCfg = Debug|Win32
		{609891D5-B1A9-43E3-9B66-AD53D6008158}.Debug.Build.0 = Debug|Win32
		{609891D5-B1A9-43E3-9B66-AD53D6008158}.Debug DLL.ActiveCfg = Debug|Win32
		{609891D5-B1A9-43E3-9B66-AD53D6008158}.Debug DLL.Build.0 = Debug|Win32
		{609891D5-B1A9-43E3-9B66-AD53D6008158}.Debug Static.ActiveCfg = Debug|Win32
		{609891D5-B1A9-43E3-9B66-AD53D6008158}.Debug Static.Build.0 = Debug|Win32
		{609891D5-B1A9-43E3-9B66-AD53D6008158}.Debug Unicode.ActiveCfg = Debug|Win32
		{609891D5-B1A9-43E3-9B66-AD53D6008158}.Debug Unicode.Build.0 = Debug|Win32
		{609891D5-B1A9-43E3-9B66-AD53D6008158}.Release.ActiveCfg = Release|Win32
		{609891D5-B1A9-43E3-9B66-AD53D6008158}.Release.Build.0 = Release|Win32
		{609891D5-B1A9-43E3-9B66-AD53D6008158}.Release DLL.ActiveCfg = Release|Win32
		{609891D5-B1A9-43E3-9B66-AD53D6008158}.Release DLL.Build.0 = Release|Win32
		{609891D5-B1A9-43E3-9B66-AD53D6008158}.Release MSVS.ActiveCfg = Release|Win32
		{609891D5-B1A9-43E3-9B66-AD53D6008158}.Release MSVS.Build.0 = Release|Win32
		{609891D5-B1A9-43E3-9B66-AD53D6008158}.Release Static.ActiveCfg = Release|Win32
		{609891D5-B1A9-43E3-9B66-AD53D6008158}.Release Static.Build.0 = Release|Win32
		{609891D5-B1A9-43E3-9B66-AD53D6008158}.Release Unicode.ActiveCfg = Release Unicode|Win32
		{609891D5-B1A9-43E3-9B66-AD53D6008158}.Release Unicode.Build.0 = Release Unicode|Win32
		{609891D5-B1A9-43E3-9B64-AD53D6008158}.Debug.ActiveCfg = Debug|Win32
		{609891D5-B1A9-43E3-9B64-AD53D6008158}.Debug.Build.0 = Debug|Win32
		{609891D5-B1A9-43E3-9B64-AD53D6008158}.Debug DLL.ActiveCfg = Debug DLL|Win32
		{609891D5-B1A9-43E3-9B64-AD53D6008158}.Debug DLL.Build.0 = Debug DLL|Win32
		{609891D5-B1A9-43E3-9B64-AD53D6008158}.Debug Static.ActiveCfg = Debug DLL|Win32
		{609891D5-B1A9-43E3-9B64-AD53D6008158}.Debug Static.Build.0 = Debug DLL|Win32
		{609891D5-B1A9-43E3-9B64-AD53D6008158}.Debug Unicode.ActiveCfg = Debug Unicode|Win32
		{609891D5-B1A9-43E3-9B64-AD53D6008158}.Debug Unicode.Build.0 = Debug Unicode|Win32
		{609891D5-B1A9-43E3-9B64-AD53D6008158}.Release.ActiveCfg = Release|Win32
		{609891D5-B1A9-43E3-9B64-AD53D6008158}.Release.Build.0 = Release|Win32
		{609891D5-B1A9-43E3-9B64-AD53D6008158}.Release DLL.ActiveCfg = Release DLL|Win32
		{609891D5-B1A9-43E3-9B64-AD53D6008158}.Release DLL.Build.0 = Release DLL|Win32
		{609891D5-B1A9-43E3-9B64-AD53D6008158}.Release MSVS.ActiveCfg = Release|Win32
		{609891D5-B1A9-43E3-9B64-AD53D6008158}.Release MSVS.Build.0 = Release|Win32
		{609891D5-B1A9-43E3-9B64-AD53D6008158}.Release Static.ActiveCfg = Release|Win32
		{609891D5-B1A9-43E3-9B64-AD53D6008158}.Release Static.Build.0 = Release|Win32
		{609891D5-B1A9-43E3-9B64-AD53D6008158}.Release Unicode.ActiveCfg = Release Unicode|Win32
		{609891D5-B1A9-43E3-9B64-AD53D6008158}.Release Unicode.Build.0 = Release Unicode|Win32
		{E974EF12-9647-400A-AF30-1D0E70D1C32C}.Debug.ActiveCfg = Debug Static|Win32
		{E974EF12-9647-400A-AF30-1D0E70D1C32C}.Debug.Build.0 = Debug Static|Win32
		{E974EF12-9647-400A-AF30-1D0E70D1C32C}.Debug DLL.ActiveCfg = Debug Static|Win32
		{E974EF12-9647-400A-AF30-1D0E70D1C32C}.Debug DLL.Build.0 = Debug Static|Win32
		{E974EF12-9647-400A-AF30-1D0E70D1C32C}.Debug Static.ActiveCfg = Debug Static|Win32
		{E974EF12-9647-400A-AF30-1D0E70D1C32C}.Debug Static.Build.0 = Debug Static|Win32
		{E974EF12-9647-400A-AF30-1D0E70D1C32C}.Debug Unicode.ActiveCfg = Debug Static|Win32
		{E974EF12-9647-400A-AF30-1D0E70D1C32C}.Debug Unicode.Build.0 = Debug Static|Win32
		{E974EF12-9647-400A-AF30-1D0E70D1C32C}.Release.ActiveCfg = Release Static|Win32
		{E974EF12-9647-400A-AF30-1D0E70D1C32C}.Release.Build.0 = Release Static|Win32
		{E974EF12-9647-400A-AF30-1D0E70D1C32C}.Release DLL.ActiveCfg = Release Static|Win32
		{E974EF12-9647-400A-AF30-1D0E70D1C32C}.Release DLL.Build.0 = Release Static|Win32
		{E974EF12-9647-400A-AF30-1D0E70D1C32C}.Release MSVS.ActiveCfg = Release Static|Win32
		{E974EF12-9647-400A-AF30-1D0E70D1C32C}.Release MSVS.Build.0 = Release Static|Win32
		{E974EF12-9647-400A-AF30-1D0E70D1C32C}.Release Static.ActiveCfg = Release Static|Win32
		{E974EF12-9647-400A-AF30-1D0E70D1C32C}.Release Static.Build.0 = Release Static|Win32
		{E974EF12-9647-400A-AF30-1D0E70D1C32C}.Release Unicode.ActiveCfg = Release Unicode|Win32
		{E974EF12-9647-400A-AF30-1D0E70D1C32C}.Release Unicode.Build.0 = Release Unicode|Win32
		{9B19A5C0-8DB0-448B-BF99-DC6374E9751B}.Debug.ActiveCfg = Debug|Win32
		{9B19A5C0-8DB0-448B-BF99-DC6374E9751B}.Debug.Build.0 = Debug|Win32
		{9B19A5C0-8DB0-448B-BF99-DC6374E9751B}.Debug DLL.ActiveCfg = Debug|Win32
		{9B19A5C0-8DB0-448B-BF99-DC6374E9751B}.Debug DLL.Build.0 = Debug|Win32
		{9B19A5C0-8DB0-448B-BF99-DC6374E9751B}.Debug Static.ActiveCfg = Debug|Win32
		{9B19A5C0-8DB0-448B-BF99-DC6374E9751B}.Debug Static.Build.0 = Debug|Win32
		{9B19A5C0-8DB0-448B-BF99-DC6374E9751B}.Debug Unicode.ActiveCfg = Debug|Win32
		{9B19A5C0-8DB0-448B-BF99-DC6374E9751B}.Debug Unicode.Build.0 = Debug|Win32
		{9B19A5C0-8DB0-448B-BF99-DC6374E9751B}.Release.ActiveCfg = Release|Win32
		{9B19A5C0-8DB0-448B-BF99-DC6374E9751B}.Release.Build.0 = Release|Win32
		{9B19A5C0-8DB0-448B-BF99-DC6374E9751B}.Release DLL.ActiveCfg = Release MSVS|Win32
		{9B19A5C0-8DB0-448B-BF99-DC6374E9751B}.Release DLL.Build.0 = Release MSVS|Win32
		{9B19A5C0-8DB0-448B-BF99-DC6374E9751B}.Release MSVS.ActiveCfg = Release MSVS|Win32
		{9B19A5C0-8DB0-448B-BF99-DC6374E9751B}.Release MSVS.Build.0 = Release MSVS|Win32
		{9B19A5C0-8DB0-448B-BF99-DC6374E9751B}.Release Static.ActiveCfg = Release MSVS|Win32
		{9B19A5C0-8DB0-448B-BF99-DC6374E9751B}.Release Static.Build.0 = Release MSVS|Win32
		{9B19A5C0-8DB0-448B-BF99-DC6374E9751B}.Release Unicode.ActiveCfg = Release Unicode|Win32
		{9B19A5C0-8DB0-448B-BF99-DC6374E9751B}.Release Unicode.Build.0 = Release Unicode|Win32
		{4FB29EEF-EE8C-4204-B272-FD88FBB4326D}.Debug.ActiveCfg = Debug|Win32
		{4FB29EEF-EE8C-4204-B272-FD88FBB4326D}.Debug.Build.0 = Debug|Win32
		{4FB29EEF-EE8C-4204-B272-FD88FBB4326D}.Debug DLL.ActiveCfg = Debug DLL|Win32
		{4FB29EEF-EE8C-4204-B272-FD88FBB4326D}.Debug DLL.Build.0 = Debug DLL|Win32
		{4FB29EEF-EE8C-4204-B272-FD88FBB4326D}.Debug Static.ActiveCfg = Debug Unicode|Win32
		{4FB29EEF-EE8C-4204-B272-FD88FBB4326D}.Debug Static.Build.0 = Debug Unicode|Win32
		{4FB29EEF-EE8C-4204-B272-FD88FBB4326D}.Debug Unicode.ActiveCfg = Debug Unicode|Win32
		{4FB29EEF-EE8C-4204-B272-FD88FBB4326D}.Debug Unicode.Build.0 = Debug Unicode|Win32
		{4FB29EEF-EE8C-4204-B272-FD88FBB4326D}.Release.ActiveCfg = Release|Win32
		{4FB29EEF-EE8C-4204-B272-FD88FBB4326D}.Release.Build.0 = Release|Win32
		{4FB29EEF-EE8C-4204-B272-FD88FBB4326D}.Release DLL.ActiveCfg = Release DLL|Win32
		{4FB29EEF-EE8C-4204-B272-FD88FBB4326D}.Release DLL.Build.0 = Release DLL|Win32
		{4FB29EEF-EE8C-4204-B272-FD88FBB4326D}.Release MSVS.ActiveCfg = Release|Win32
		{4FB29EEF-EE8C-4204-B272-FD88FBB4326D}.Release MSVS.Build.0 = Release|Win32
		{4FB29EEF-EE8C-4204-B272-FD88FBB4326D}.Release Static.ActiveCfg = Release|Win32
		{4FB29EEF-EE8C-4204-B272-FD88FBB4326D}.Release Static.Build.0 = Release|Win32
		{4FB29EEF-EE8C-4204-B272-FD88FBB4326D}.Release Unicode.ActiveCfg = Release DLL|Win32
		{621C0B14-F003-4961-8D14-7A1679087977}.Debug.ActiveCfg = Debug|Win32
		{621C0B14-F003-4961-8D14-7A1679087977}.Debug.Build.0 = Debug|Win32
		{621C0B14-F003-4961-8D14-7A1679087977}.Debug DLL.ActiveCfg = Debug|Win32
		{621C0B14-F003-4961-8D14-7A1679087977}.Debug DLL.Build.0 = Debug|Win32
		{621C0B14-F003-4961-8D14-7A1679087977}.Debug Static.ActiveCfg = Debug|Win32
		{621C0B14-F003-4961-8D14-7A1679087977}.Debug Static.Build.0 = Debug|Win32
		{621C0B14-F003-4961-8D14-7A1679087977}.Debug Unicode.ActiveCfg = Debug|Win32
		{621C0B14-F003-4961-8D14-7A1679087977}.Debug Unicode.Build.0 = Debug|Win32
		{621C0B14-F003-4961-8D14-7A1679087977}.Release.ActiveCfg = Release|Win32
		{621C0B14-F003-4961-8D14-7A1679087977}.Release.Build.0 = Release|Win32
		{621C0B14-F003-4961-8D14-7A1679087977}.Release DLL.ActiveCfg = Release|Win32
		{621C0B14-F003-4961-8D14-7A1679087977}.Release DLL.Build.0 = Release|Win32
		{621C0B14-F003-4961-8D14-7A1679087977}.Release MSVS.ActiveCfg = Release|Win32
		{621C0B14-F003-4961-8D14-7A1679087977}.Release MSVS.Build.0 = Release|Win32
		{621C0B14-F003-4961-8D14-7A1679087977}.Release Static.ActiveCfg = Release|Win32
		{621C0B14-F003-4961-8D14-7A1679087977}.Release Static.Build.0 = Release|Win32
		{621C0B14-F003-4961-8D14-7A1679087977}.Release Unicode.ActiveCfg = Release Unicode|Win32
		{621C0B14-F003-4961-8D14-7A1679087977}.Release Unicode.Build.0 = Release Unicode|Win32
	EndGlobalSection
	GlobalSection(ExtensibilityGlobals) = postSolution
	EndGlobalSection
	GlobalSection(ExtensibilityAddIns) = postSolution
	EndGlobalSection
EndGlobal
